
Microsoft Visual Studio Solution File, Format Version 12.00
# Visual Studio 14
VisualStudioVersion = 14.0.25420.1
MinimumVisualStudioVersion = 10.0.40219.1
Project("{FAE04EC0-301F-11D3-BF4B-00C04F79EFBC}") = "SgCafe", "SgCafe\SgCafe.csproj", "{0421B5EC-097D-42D1-ABB9-A83F0310B783}"
EndProject
Project("{FAE04EC0-301F-11D3-BF4B-00C04F79EFBC}") = "StyleCF", "StyleCF\StyleCF.csproj", "{89F7DD4E-434E-4F68-875E-73AD4E186BFC}"
EndProject
Project("{FAE04EC0-301F-11D3-BF4B-00C04F79EFBC}") = "InforCf", "InforCf\InforCf.csproj", "{E3F8E184-C7E7-4654-B92C-A71A3591FD0E}"
EndProject
Project("{FAE04EC0-301F-11D3-BF4B-00C04F79EFBC}") = "DataCf", "DataCf\DataCf.csproj", "{32587E9B-DD3E-4207-B273-389516384B89}"
EndProject
Project("{FAE04EC0-301F-11D3-BF4B-00C04F79EFBC}") = "PrintCf", "PrintCf\PrintCf.csproj", "{66A347BF-2ECF-4679-84C7-BA00F1797F8A}"
EndProject
Project("{FAE04EC0-301F-11D3-BF4B-00C04F79EFBC}") = "HelpCf", "HelpCf\HelpCf.csproj", "{C7F7BEDC-85DE-49AF-99CC-D3C7AE6A3145}"
EndProject
Global
	GlobalSection(SolutionConfigurationPlatforms) = preSolution
		Debug|Any CPU = Debug|Any CPU
		Debug|ARM = Debug|ARM
		Debug|x64 = Debug|x64
		Debug|x86 = Debug|x86
		Release|Any CPU = Release|Any CPU
		Release|ARM = Release|ARM
		Release|x64 = Release|x64
		Release|x86 = Release|x86
	EndGlobalSection
	GlobalSection(ProjectConfigurationPlatforms) = postSolution
		{0421B5EC-097D-42D1-ABB9-A83F0310B783}.Debug|Any CPU.ActiveCfg = Debug|Any CPU
		{0421B5EC-097D-42D1-ABB9-A83F0310B783}.Debug|Any CPU.Build.0 = Debug|Any CPU
		{0421B5EC-097D-42D1-ABB9-A83F0310B783}.Debug|ARM.ActiveCfg = Debug|Any CPU
		{0421B5EC-097D-42D1-ABB9-A83F0310B783}.Debug|ARM.Build.0 = Debug|Any CPU
		{0421B5EC-097D-42D1-ABB9-A83F0310B783}.Debug|x64.ActiveCfg = Debug|Any CPU
		{0421B5EC-097D-42D1-ABB9-A83F0310B783}.Debug|x64.Build.0 = Debug|Any CPU
		{0421B5EC-097D-42D1-ABB9-A83F0310B783}.Debug|x86.ActiveCfg = Debug|Any CPU
		{0421B5EC-097D-42D1-ABB9-A83F0310B783}.Debug|x86.Build.0 = Debug|Any CPU
		{0421B5EC-097D-42D1-ABB9-A83F0310B783}.Release|Any CPU.ActiveCfg = Release|Any CPU
		{0421B5EC-097D-42D1-ABB9-A83F0310B783}.Release|Any CPU.Build.0 = Release|Any CPU
		{0421B5EC-097D-42D1-ABB9-A83F0310B783}.Release|ARM.ActiveCfg = Release|Any CPU
		{0421B5EC-097D-42D1-ABB9-A83F0310B783}.Release|ARM.Build.0 = Release|Any CPU
		{0421B5EC-097D-42D1-ABB9-A83F0310B783}.Release|x64.ActiveCfg = Release|Any CPU
		{0421B5EC-097D-42D1-ABB9-A83F0310B783}.Release|x64.Build.0 = Release|Any CPU
		{0421B5EC-097D-42D1-ABB9-A83F0310B783}.Release|x86.ActiveCfg = Release|Any CPU
		{0421B5EC-097D-42D1-ABB9-A83F0310B783}.Release|x86.Build.0 = Release|Any CPU
		{89F7DD4E-434E-4F68-875E-73AD4E186BFC}.Debug|Any CPU.ActiveCfg = Debug|Any CPU
		{89F7DD4E-434E-4F68-875E-73AD4E186BFC}.Debug|Any CPU.Build.0 = Debug|Any CPU
		{89F7DD4E-434E-4F68-875E-73AD4E186BFC}.Debug|ARM.ActiveCfg = Debug|Any CPU
		{89F7DD4E-434E-4F68-875E-73AD4E186BFC}.Debug|ARM.Build.0 = Debug|Any CPU
		{89F7DD4E-434E-4F68-875E-73AD4E186BFC}.Debug|x64.ActiveCfg = Debug|Any CPU
		{89F7DD4E-434E-4F68-875E-73AD4E186BFC}.Debug|x64.Build.0 = Debug|Any CPU
		{89F7DD4E-434E-4F68-875E-73AD4E186BFC}.Debug|x86.ActiveCfg = Debug|Any CPU
		{89F7DD4E-434E-4F68-875E-73AD4E186BFC}.Debug|x86.Build.0 = Debug|Any CPU
		{89F7DD4E-434E-4F68-875E-73AD4E186BFC}.Release|Any CPU.ActiveCfg = Release|Any CPU
		{89F7DD4E-434E-4F68-875E-73AD4E186BFC}.Release|Any CPU.Build.0 = Release|Any CPU
		{89F7DD4E-434E-4F68-875E-73AD4E186BFC}.Release|ARM.ActiveCfg = Release|Any CPU
		{89F7DD4E-434E-4F68-875E-73AD4E186BFC}.Release|ARM.Build.0 = Release|Any CPU
		{89F7DD4E-434E-4F68-875E-73AD4E186BFC}.Release|x64.ActiveCfg = Release|Any CPU
		{89F7DD4E-434E-4F68-875E-73AD4E186BFC}.Release|x64.Build.0 = Release|Any CPU
		{89F7DD4E-434E-4F68-875E-73AD4E186BFC}.Release|x86.ActiveCfg = Release|Any CPU
		{89F7DD4E-434E-4F68-875E-73AD4E186BFC}.Release|x86.Build.0 = Release|Any CPU
		{E3F8E184-C7E7-4654-B92C-A71A3591FD0E}.Debug|Any CPU.ActiveCfg = Debug|Any CPU
		{E3F8E184-C7E7-4654-B92C-A71A3591FD0E}.Debug|Any CPU.Build.0 = Debug|Any CPU
		{E3F8E184-C7E7-4654-B92C-A71A3591FD0E}.Debug|ARM.ActiveCfg = Debug|Any CPU
		{E3F8E184-C7E7-4654-B92C-A71A3591FD0E}.Debug|ARM.Build.0 = Debug|Any CPU
		{E3F8E184-C7E7-4654-B92C-A71A3591FD0E}.Debug|x64.ActiveCfg = Debug|Any CPU
		{E3F8E184-C7E7-4654-B92C-A71A3591FD0E}.Debug|x64.Build.0 = Debug|Any CPU
		{E3F8E184-C7E7-4654-B92C-A71A3591FD0E}.Debug|x86.ActiveCfg = Debug|Any CPU
		{E3F8E184-C7E7-4654-B92C-A71A3591FD0E}.Debug|x86.Build.0 = Debug|Any CPU
		{E3F8E184-C7E7-4654-B92C-A71A3591FD0E}.Release|Any CPU.ActiveCfg = Release|Any CPU
		{E3F8E184-C7E7-4654-B92C-A71A3591FD0E}.Release|Any CPU.Build.0 = Release|Any CPU
		{E3F8E184-C7E7-4654-B92C-A71A3591FD0E}.Release|ARM.ActiveCfg = Release|Any CPU
		{E3F8E184-C7E7-4654-B92C-A71A3591FD0E}.Release|ARM.Build.0 = Release|Any CPU
		{E3F8E184-C7E7-4654-B92C-A71A3591FD0E}.Release|x64.ActiveCfg = Release|Any CPU
		{E3F8E184-C7E7-4654-B92C-A71A3591FD0E}.Release|x64.Build.0 = Release|Any CPU
		{E3F8E184-C7E7-4654-B92C-A71A3591FD0E}.Release|x86.ActiveCfg = Release|Any CPU
		{E3F8E184-C7E7-4654-B92C-A71A3591FD0E}.Release|x86.Build.0 = Release|Any CPU
		{32587E9B-DD3E-4207-B273-389516384B89}.Debug|Any CPU.ActiveCfg = Debug|Any CPU
		{32587E9B-DD3E-4207-B273-389516384B89}.Debug|Any CPU.Build.0 = Debug|Any CPU
		{32587E9B-DD3E-4207-B273-389516384B89}.Debug|ARM.ActiveCfg = Debug|Any CPU
		{32587E9B-DD3E-4207-B273-389516384B89}.Debug|ARM.Build.0 = Debug|Any CPU
		{32587E9B-DD3E-4207-B273-389516384B89}.Debug|x64.ActiveCfg = Debug|Any CPU
		{32587E9B-DD3E-4207-B273-389516384B89}.Debug|x64.Build.0 = Debug|Any CPU
		{32587E9B-DD3E-4207-B273-389516384B89}.Debug|x86.ActiveCfg = Debug|Any CPU
		{32587E9B-DD3E-4207-B273-389516384B89}.Debug|x86.Build.0 = Debug|Any CPU
		{32587E9B-DD3E-4207-B273-389516384B89}.Release|Any CPU.ActiveCfg = Release|Any CPU
		{32587E9B-DD3E-4207-B273-389516384B89}.Release|Any CPU.Build.0 = Release|Any CPU
		{32587E9B-DD3E-4207-B273-389516384B89}.Release|ARM.ActiveCfg = Release|Any CPU
		{32587E9B-DD3E-4207-B273-389516384B89}.Release|ARM.Build.0 = Release|Any CPU
		{32587E9B-DD3E-4207-B273-389516384B89}.Release|x64.ActiveCfg = Release|Any CPU
		{32587E9B-DD3E-4207-B273-389516384B89}.Release|x64.Build.0 = Release|Any CPU
		{32587E9B-DD3E-4207-B273-389516384B89}.Release|x86.ActiveCfg = Release|Any CPU
		{32587E9B-DD3E-4207-B273-389516384B89}.Release|x86.Build.0 = Release|Any CPU
		{66A347BF-2ECF-4679-84C7-BA00F1797F8A}.Debug|Any CPU.ActiveCfg = Debug|Any CPU
		{66A347BF-2ECF-4679-84C7-BA00F1797F8A}.Debug|Any CPU.Build.0 = Debug|Any CPU
		{66A347BF-2ECF-4679-84C7-BA00F1797F8A}.Debug|ARM.ActiveCfg = Debug|Any CPU
		{66A347BF-2ECF-4679-84C7-BA00F1797F8A}.Debug|ARM.Build.0 = Debug|Any CPU
		{66A347BF-2ECF-4679-84C7-BA00F1797F8A}.Debug|x64.ActiveCfg = Debug|Any CPU
		{66A347BF-2ECF-4679-84C7-BA00F1797F8A}.Debug|x64.Build.0 = Debug|Any CPU
		{66A347BF-2ECF-4679-84C7-BA00F1797F8A}.Debug|x86.ActiveCfg = Debug|Any CPU
		{66A347BF-2ECF-4679-84C7-BA00F1797F8A}.Debug|x86.Build.0 = Debug|Any CPU
		{66A347BF-2ECF-4679-84C7-BA00F1797F8A}.Release|Any CPU.ActiveCfg = Release|Any CPU
		{66A347BF-2ECF-4679-84C7-BA00F1797F8A}.Release|Any CPU.Build.0 = Release|Any CPU
		{66A347BF-2ECF-4679-84C7-BA00F1797F8A}.Release|ARM.ActiveCfg = Release|Any CPU
		{66A347BF-2ECF-4679-84C7-BA00F1797F8A}.Release|ARM.Build.0 = Release|Any CPU
		{66A347BF-2ECF-4679-84C7-BA00F1797F8A}.Release|x64.ActiveCfg = Release|Any CPU
		{66A347BF-2ECF-4679-84C7-BA00F1797F8A}.Release|x64.Build.0 = Release|Any CPU
		{66A347BF-2ECF-4679-84C7-BA00F1797F8A}.Release|x86.ActiveCfg = Release|Any CPU
		{66A347BF-2ECF-4679-84C7-BA00F1797F8A}.Release|x86.Build.0 = Release|Any CPU
		{C7F7BEDC-85DE-49AF-99CC-D3C7AE6A3145}.Debug|Any CPU.ActiveCfg = Debug|Any CPU
		{C7F7BEDC-85DE-49AF-99CC-D3C7AE6A3145}.Debug|Any CPU.Build.0 = Debug|Any CPU
		{C7F7BEDC-85DE-49AF-99CC-D3C7AE6A3145}.Debug|ARM.ActiveCfg = Debug|Any CPU
		{C7F7BEDC-85DE-49AF-99CC-D3C7AE6A3145}.Debug|ARM.Build.0 = Debug|Any CPU
		{C7F7BEDC-85DE-49AF-99CC-D3C7AE6A3145}.Debug|x64.ActiveCfg = Debug|Any CPU
		{C7F7BEDC-85DE-49AF-99CC-D3C7AE6A3145}.Debug|x64.Build.0 = Debug|Any CPU
		{C7F7BEDC-85DE-49AF-99CC-D3C7AE6A3145}.Debug|x86.ActiveCfg = Debug|Any CPU
		{C7F7BEDC-85DE-49AF-99CC-D3C7AE6A3145}.Debug|x86.Build.0 = Debug|Any CPU
		{C7F7BEDC-85DE-49AF-99CC-D3C7AE6A3145}.Release|Any CPU.ActiveCfg = Release|Any CPU
		{C7F7BEDC-85DE-49AF-99CC-D3C7AE6A3145}.Release|Any CPU.Build.0 = Release|Any CPU
		{C7F7BEDC-85DE-49AF-99CC-D3C7AE6A3145}.Release|ARM.ActiveCfg = Release|Any CPU
		{C7F7BEDC-85DE-49AF-99CC-D3C7AE6A3145}.Release|ARM.Build.0 = Release|Any CPU
		{C7F7BEDC-85DE-49AF-99CC-D3C7AE6A3145}.Release|x64.ActiveCfg = Release|Any CPU
		{C7F7BEDC-85DE-49AF-99CC-D3C7AE6A3145}.Release|x64.Build.0 = Release|Any CPU
		{C7F7BEDC-85DE-49AF-99CC-D3C7AE6A3145}.Release|x86.ActiveCfg = Release|Any CPU
		{C7F7BEDC-85DE-49AF-99CC-D3C7AE6A3145}.Release|x86.Build.0 = Release|Any CPU
	EndGlobalSection
	GlobalSection(SolutionProperties) = preSolution
		HideSolutionNode = FALSE
	EndGlobalSection
EndGlobal
